
Microsoft Visual Studio Solution File, Format Version 12.00
# Visual Studio Version 17
VisualStudioVersion = 17.4.33213.308
MinimumVisualStudioVersion = 10.0.40219.1
Project("{FAE04EC0-301F-11D3-BF4B-00C04F79EFBC}") = "Iterator", "Iterator.csproj", "{47B99313-D474-467C-96B0-4E52182A4AAE}"
EndProject
Global
	GlobalSection(SolutionConfigurationPlatforms) = preSolution
		Debug|Any CPU = Debug|Any CPU
		Release|Any CPU = Release|Any CPU
	EndGlobalSection
	GlobalSection(ProjectConfigurationPlatforms) = postSolution
		{47B99313-D474-467C-96B0-4E52182A4AAE}.Debug|Any CPU.ActiveCfg = Debug|Any CPU
		{47B99313-D474-467C-96B0-4E52182A4AAE}.Debug|Any CPU.Build.0 = Debug|Any CPU
		{47B99313-D474-467C-96B0-4E52182A4AAE}.Release|Any CPU.ActiveCfg = Release|Any CPU
		{47B99313-D474-467C-96B0-4E52182A4AAE}.Release|Any CPU.Build.0 = Release|Any CPU
	EndGlobalSection
	GlobalSection(SolutionProperties) = preSolution
		HideSolutionNode = FALSE
	EndGlobalSection
	GlobalSection(ExtensibilityGlobals) = postSolution
		SolutionGuid = {96C7EDD0-EC30-4FDC-9DA4-BD17195DE64B}
	EndGlobalSection
EndGlobal
