
Microsoft Visual Studio Solution File, Format Version 12.00
# Visual Studio Version 17
VisualStudioVersion = 17.4.33213.308
MinimumVisualStudioVersion = 10.0.40219.1
Project("{FAE04EC0-301F-11D3-BF4B-00C04F79EFBC}") = "State", "State.csproj", "{2BEE8762-2A4A-4B36-B546-82426C8993DC}"
EndProject
Global
	GlobalSection(SolutionConfigurationPlatforms) = preSolution
		Debug|Any CPU = Debug|Any CPU
		Release|Any CPU = Release|Any CPU
	EndGlobalSection
	GlobalSection(ProjectConfigurationPlatforms) = postSolution
		{2BEE8762-2A4A-4B36-B546-82426C8993DC}.Debug|Any CPU.ActiveCfg = Debug|Any CPU
		{2BEE8762-2A4A-4B36-B546-82426C8993DC}.Debug|Any CPU.Build.0 = Debug|Any CPU
		{2BEE8762-2A4A-4B36-B546-82426C8993DC}.Release|Any CPU.ActiveCfg = Release|Any CPU
		{2BEE8762-2A4A-4B36-B546-82426C8993DC}.Release|Any CPU.Build.0 = Release|Any CPU
	EndGlobalSection
	GlobalSection(SolutionProperties) = preSolution
		HideSolutionNode = FALSE
	EndGlobalSection
	GlobalSection(ExtensibilityGlobals) = postSolution
		SolutionGuid = {522DECBB-A7DE-4067-A304-66553FFD7BBC}
	EndGlobalSection
EndGlobal
